
Microsoft Visual Studio Solution File, Format Version 12.00
# Visual Studio Version 17
VisualStudioVersion = 17.1.32421.90
MinimumVisualStudioVersion = 10.0.40219.1
Project("{FAE04EC0-301F-11D3-BF4B-00C04F79EFBC}") = "2022HelloWinformPREx", "2022HelloWinformPREx\2022HelloWinformPREx.csproj", "{7E66D29F-46DE-430B-9564-1120240BCAFE}"
EndProject
Global
	GlobalSection(SolutionConfigurationPlatforms) = preSolution
		Debug|Any CPU = Debug|Any CPU
		Release|Any CPU = Release|Any CPU
	EndGlobalSection
	GlobalSection(ProjectConfigurationPlatforms) = postSolution
		{7E66D29F-46DE-430B-9564-1120240BCAFE}.Debug|Any CPU.ActiveCfg = Debug|Any CPU
		{7E66D29F-46DE-430B-9564-1120240BCAFE}.Debug|Any CPU.Build.0 = Debug|Any CPU
		{7E66D29F-46DE-430B-9564-1120240BCAFE}.Release|Any CPU.ActiveCfg = Release|Any CPU
		{7E66D29F-46DE-430B-9564-1120240BCAFE}.Release|Any CPU.Build.0 = Release|Any CPU
	EndGlobalSection
	GlobalSection(SolutionProperties) = preSolution
		HideSolutionNode = FALSE
	EndGlobalSection
	GlobalSection(ExtensibilityGlobals) = postSolution
		SolutionGuid = {CD0B2947-A139-4200-AFB5-D74CA302D4AE}
	EndGlobalSection
EndGlobal
